
Microsoft Visual Studio Solution File, Format Version 12.00
# Visual Studio Version 16
VisualStudioVersion = 16.0.30413.136
MinimumVisualStudioVersion = 10.0.40219.1
Project("{9A19103F-16F7-4668-BE54-9A1E7A4F7556}") = "API", "API\API.csproj", "{969614E5-12BF-46EE-830F-7DEEDC9F982F}"
EndProject
Project("{9A19103F-16F7-4668-BE54-9A1E7A4F7556}") = "Elastic", "Elastic\Elastic.csproj", "{01FCC6D3-CAA2-4AAF-A837-AB6F6D872117}"
EndProject
Project("{9A19103F-16F7-4668-BE54-9A1E7A4F7556}") = "Models", "Models\Models.csproj", "{E5BCBA4B-DE2D-4FDF-885A-2E0FF4E7EC39}"
EndProject
Project("{9A19103F-16F7-4668-BE54-9A1E7A4F7556}") = "Analysis", "Analysis\Analysis.csproj", "{1DF687A4-BA9B-4223-8E08-33CF700807A9}"
EndProject
Project("{9A19103F-16F7-4668-BE54-9A1E7A4F7556}") = "Analysis.Test", "Analysis.Test\Analysis.Test.csproj", "{9AEA5325-F352-45D6-9994-B569AE8E3C46}"
EndProject
Project("{FAE04EC0-301F-11D3-BF4B-00C04F79EFBC}") = "Main", "Main\Main.csproj", "{E1714413-E803-432F-BE66-4CB451FBB6B7}"
EndProject
Global
	GlobalSection(SolutionConfigurationPlatforms) = preSolution
		Debug|Any CPU = Debug|Any CPU
		Release|Any CPU = Release|Any CPU
	EndGlobalSection
	GlobalSection(ProjectConfigurationPlatforms) = postSolution
		{969614E5-12BF-46EE-830F-7DEEDC9F982F}.Debug|Any CPU.ActiveCfg = Debug|Any CPU
		{969614E5-12BF-46EE-830F-7DEEDC9F982F}.Debug|Any CPU.Build.0 = Debug|Any CPU
		{969614E5-12BF-46EE-830F-7DEEDC9F982F}.Release|Any CPU.ActiveCfg = Release|Any CPU
		{969614E5-12BF-46EE-830F-7DEEDC9F982F}.Release|Any CPU.Build.0 = Release|Any CPU
		{01FCC6D3-CAA2-4AAF-A837-AB6F6D872117}.Debug|Any CPU.ActiveCfg = Debug|Any CPU
		{01FCC6D3-CAA2-4AAF-A837-AB6F6D872117}.Debug|Any CPU.Build.0 = Debug|Any CPU
		{01FCC6D3-CAA2-4AAF-A837-AB6F6D872117}.Release|Any CPU.ActiveCfg = Release|Any CPU
		{01FCC6D3-CAA2-4AAF-A837-AB6F6D872117}.Release|Any CPU.Build.0 = Release|Any CPU
		{E5BCBA4B-DE2D-4FDF-885A-2E0FF4E7EC39}.Debug|Any CPU.ActiveCfg = Debug|Any CPU
		{E5BCBA4B-DE2D-4FDF-885A-2E0FF4E7EC39}.Debug|Any CPU.Build.0 = Debug|Any CPU
		{E5BCBA4B-DE2D-4FDF-885A-2E0FF4E7EC39}.Release|Any CPU.ActiveCfg = Release|Any CPU
		{E5BCBA4B-DE2D-4FDF-885A-2E0FF4E7EC39}.Release|Any CPU.Build.0 = Release|Any CPU
		{1DF687A4-BA9B-4223-8E08-33CF700807A9}.Debug|Any CPU.ActiveCfg = Debug|Any CPU
		{1DF687A4-BA9B-4223-8E08-33CF700807A9}.Debug|Any CPU.Build.0 = Debug|Any CPU
		{1DF687A4-BA9B-4223-8E08-33CF700807A9}.Release|Any CPU.ActiveCfg = Release|Any CPU
		{1DF687A4-BA9B-4223-8E08-33CF700807A9}.Release|Any CPU.Build.0 = Release|Any CPU
		{9AEA5325-F352-45D6-9994-B569AE8E3C46}.Debug|Any CPU.ActiveCfg = Debug|Any CPU
		{9AEA5325-F352-45D6-9994-B569AE8E3C46}.Debug|Any CPU.Build.0 = Debug|Any CPU
		{9AEA5325-F352-45D6-9994-B569AE8E3C46}.Release|Any CPU.ActiveCfg = Release|Any CPU
		{9AEA5325-F352-45D6-9994-B569AE8E3C46}.Release|Any CPU.Build.0 = Release|Any CPU
		{E1714413-E803-432F-BE66-4CB451FBB6B7}.Debug|Any CPU.ActiveCfg = Debug|Any CPU
		{E1714413-E803-432F-BE66-4CB451FBB6B7}.Debug|Any CPU.Build.0 = Debug|Any CPU
		{E1714413-E803-432F-BE66-4CB451FBB6B7}.Release|Any CPU.ActiveCfg = Release|Any CPU
		{E1714413-E803-432F-BE66-4CB451FBB6B7}.Release|Any CPU.Build.0 = Release|Any CPU
	EndGlobalSection
	GlobalSection(SolutionProperties) = preSolution
		HideSolutionNode = FALSE
	EndGlobalSection
	GlobalSection(ExtensibilityGlobals) = postSolution
		SolutionGuid = {4AEE8399-4A21-4DF9-8FED-B070A0324541}
	EndGlobalSection
EndGlobal
